<?xml version="1.0" encoding="utf-8"?>
<Project ToolsVersion="4.0" xmlns="http://schemas.microsoft.com/developer/msbuild/2003">
  <ItemGroup>
    <Filter Include="Documents">
      <UniqueIdentifier>{6da4d72c-5e3b-4c6c-b932-3bd55988fba1}</UniqueIdentifier>
    </Filter>
    <Filter Include="Source">
      <UniqueIdentifier>{ccd9f6a7-be7f-4aab-b77e-8bdc75374cdc}</UniqueIdentifier>
    </Filter>
    <Filter Include="Source\Application">
      <UniqueIdentifier>{95bff079-63c8-4cfb-91de-93fedee737c3}</UniqueIdentifier>
    </Filter>
    <Filter Include="Source\Framework">
      <UniqueIdentifier>{5d79b618-1299-48ff-9a2e-5f7a6e3c506a}</UniqueIdentifier>
    </Filter>
    <Filter Include="Source\Framework\Definition">
      <UniqueIdentifier>{0da14f0d-5aaa-452c-9a0a-3acf182971c7}</UniqueIdentifier>
    </Filter>
    <Filter Include="Source\Framework\Definition\Struct">
      <UniqueIdentifier>{02ef461a-699a-400e-94ca-b79abd566755}</UniqueIdentifier>
    </Filter>
    <Filter Include="Source\Framework\Definition\Struct\TypeINFO">
      <UniqueIdentifier>{78dfc4a7-8400-44ac-983b-905fedd1055b}</UniqueIdentifier>
    </Filter>
    <Filter Include="Source\Framework\Definition\Type">
      <UniqueIdentifier>{4a10b4f3-74c3-4dd2-afd6-d9bfedf058ea}</UniqueIdentifier>
    </Filter>
    <Filter Include="Source\Framework\Definition\Type\Alias">
      <UniqueIdentifier>{4b884891-75ea-4bbf-90a5-468b99483466}</UniqueIdentifier>
    </Filter>
    <Filter Include="Source\Framework\TypeINFO">
      <UniqueIdentifier>{72b9cad8-9af6-4577-89a9-ca5c03476b46}</UniqueIdentifier>
    </Filter>
    <Filter Include="Source\Framework\TypeINFO\StaticTypeID">
      <UniqueIdentifier>{7b81a49e-b268-42cf-9f80-33ac291f6641}</UniqueIdentifier>
    </Filter>
    <Filter Include="Source\Framework\Utility">
      <UniqueIdentifier>{e7e324dc-3a09-4e56-b3cb-060dcbf95ca7}</UniqueIdentifier>
    </Filter>
    <Filter Include="Source\Framework\Utility\TypeINFO">
      <UniqueIdentifier>{f67da9ea-efb7-490a-baeb-2c24320af9dd}</UniqueIdentifier>
    </Filter>
    <Filter Include="Source\Framework\TypeINFO\Registry">
      <UniqueIdentifier>{1c0ed803-5f83-4fc7-9f2e-05c56614caaf}</UniqueIdentifier>
    </Filter>
    <Filter Include="Source\Framework\Singleton">
      <UniqueIdentifier>{775389c7-d8cc-4782-baf2-1dbd803f3a39}</UniqueIdentifier>
    </Filter>
    <Filter Include="Source\Framework\Definition\Struct\StringHash">
      <UniqueIdentifier>{293d49a6-71b7-4c12-b549-472712169695}</UniqueIdentifier>
    </Filter>
    <Filter Include="Source\Framework\Definition\Constant">
      <UniqueIdentifier>{deb3c9a9-8d50-4ea5-8563-502190551aa9}</UniqueIdentifier>
    </Filter>
    <Filter Include="Source\Framework\Definition\Constant\StaticTypeID">
      <UniqueIdentifier>{610aa397-6b93-49d2-996e-17a8052780dd}</UniqueIdentifier>
    </Filter>
    <Filter Include="Source\Framework\Definition\Macros">
      <UniqueIdentifier>{5188685b-3107-4746-95df-866d6cc35dc9}</UniqueIdentifier>
    </Filter>
    <Filter Include="Source\Framework\Definition\Macros\TypeINFO">
      <UniqueIdentifier>{8918e691-9612-4dae-a778-672cea481f71}</UniqueIdentifier>
    </Filter>
    <Filter Include="Source\Framework\Definition\Macros\TypeINFO\Tag">
      <UniqueIdentifier>{45a5484a-b971-4ac1-9698-7974d3ec5fb2}</UniqueIdentifier>
    </Filter>
    <Filter Include="Source\Framework\Tag">
      <UniqueIdentifier>{9aee4cc8-c441-446b-ac12-ca7bc419fed0}</UniqueIdentifier>
    </Filter>
    <Filter Include="Source\Framework\Tag\WindowStyle">
      <UniqueIdentifier>{3797548e-35af-49b2-a286-1f8ec0af90c8}</UniqueIdentifier>
    </Filter>
    <Filter Include="Source\Framework\Definition\Concept">
      <UniqueIdentifier>{176973eb-b51e-4782-8b25-2871d1914a0a}</UniqueIdentifier>
    </Filter>
    <Filter Include="Source\Framework\Definition\Concept\IsDerivedBase">
      <UniqueIdentifier>{c397b457-8068-4eef-83c5-de19bc3c6880}</UniqueIdentifier>
    </Filter>
    <Filter Include="Source\Framework\Definition\Concept\IsDerivedBase\Tag">
      <UniqueIdentifier>{1ebd1aac-3653-4d7a-b7a3-b9843a745edb}</UniqueIdentifier>
    </Filter>
    <Filter Include="Source\Framework\Utility\Tag">
      <UniqueIdentifier>{b0a9d46b-3cd1-4dbe-8507-5977edb3aef3}</UniqueIdentifier>
    </Filter>
    <Filter Include="Source\Framework\Utility\Json">
      <UniqueIdentifier>{8484e8b8-121a-41fc-b53a-5562c41394da}</UniqueIdentifier>
    </Filter>
    <Filter Include="Source\Framework\Definition\Constant\TypeTag">
      <UniqueIdentifier>{b13f3a10-8fe7-4525-9970-c10cc74f0b61}</UniqueIdentifier>
    </Filter>
    <Filter Include="Source\Framework\Window">
      <UniqueIdentifier>{95ce9e0d-0dba-485b-a430-526af353051c}</UniqueIdentifier>
    </Filter>
    <Filter Include="Source\Framework\Definition\Constant\WindowSize">
      <UniqueIdentifier>{f056f0ef-f069-4098-aeae-0d2b2bedf6be}</UniqueIdentifier>
    </Filter>
    <Filter Include="Source\Framework\Utility\File">
      <UniqueIdentifier>{629b8193-cff4-4eeb-afe4-aa91633e7ab7}</UniqueIdentifier>
    </Filter>
    <Filter Include="Source\Framework\Utility\String">
      <UniqueIdentifier>{1994dd86-007b-43ef-9dae-2a0982122334}</UniqueIdentifier>
    </Filter>
    <Filter Include="Source\Framework\FPS">
      <UniqueIdentifier>{f6da64d2-061c-410f-8beb-271249c2c714}</UniqueIdentifier>
    </Filter>
    <Filter Include="Source\Framework\Definition\Constant\FPS">
      <UniqueIdentifier>{b2519f6c-f6f2-4351-aac5-80f567a8346f}</UniqueIdentifier>
    </Filter>
    <Filter Include="Source\Framework\Graphics">
      <UniqueIdentifier>{e8a98dbf-4ee6-4217-aa23-be28fab8d1c2}</UniqueIdentifier>
    </Filter>
    <Filter Include="Source\Framework\Graphics\Hardware">
      <UniqueIdentifier>{e5bacea6-4f83-47fe-be10-4cce7cf36146}</UniqueIdentifier>
    </Filter>
    <Filter Include="Source\Framework\Graphics\Command">
      <UniqueIdentifier>{d85b7e8f-3b28-4656-8f80-153605a785b4}</UniqueIdentifier>
    </Filter>
    <Filter Include="Source\Framework\Graphics\Command\List">
      <UniqueIdentifier>{743faa46-2fa5-4e31-b8a1-42c4d6287577}</UniqueIdentifier>
    </Filter>
    <Filter Include="Source\Framework\Graphics\Command\Allocator">
      <UniqueIdentifier>{1a995168-d59c-4159-b7e8-a35e31ce2e7c}</UniqueIdentifier>
    </Filter>
    <Filter Include="Source\Framework\Definition\Constant\Graphics">
      <UniqueIdentifier>{081435c2-7e36-4887-9d08-1c9ad22c992b}</UniqueIdentifier>
    </Filter>
    <Filter Include="Source\Framework\Graphics\Command\Queue">
      <UniqueIdentifier>{c7748182-9808-41b7-a745-a1ba33b7ca35}</UniqueIdentifier>
    </Filter>
    <Filter Include="Source\Framework\Graphics\Resource">
      <UniqueIdentifier>{eaa07f4e-d1ce-4c9c-8234-0a7fb532f7bb}</UniqueIdentifier>
    </Filter>
    <Filter Include="Source\Framework\Graphics\Resource\Descriptor">
      <UniqueIdentifier>{7cc291bf-d036-41e2-8990-a4923b779672}</UniqueIdentifier>
    </Filter>
    <Filter Include="Source\Framework\Graphics\Resource\Descriptor\Heap">
      <UniqueIdentifier>{ce93202b-e1f9-4f73-9967-dd4ea30d4b68}</UniqueIdentifier>
    </Filter>
    <Filter Include="Source\Framework\Graphics\Resource\Descriptor\Heap\RTV">
      <UniqueIdentifier>{65608037-0005-4c36-9bd8-8ca381c43fac}</UniqueIdentifier>
    </Filter>
    <Filter Include="Source\Framework\Graphics\Resource\Descriptor\Allocator">
      <UniqueIdentifier>{4a929dd8-e337-4dcb-8a33-77c653cb6d6b}</UniqueIdentifier>
    </Filter>
    <Filter Include="Source\Framework\Definition\Concept\IsDerivedBase\Descriptor">
      <UniqueIdentifier>{7f5421fb-0641-4a57-acd1-5ea37449e707}</UniqueIdentifier>
    </Filter>
    <Filter Include="Source\Framework\JsonConverter">
      <UniqueIdentifier>{d32598c8-3ce0-4cc2-9d09-72ca1ac7150a}</UniqueIdentifier>
    </Filter>
    <Filter Include="Source\Framework\JsonConverter\Window">
      <UniqueIdentifier>{04455cbf-b18f-475f-a4b5-821cf6f464e4}</UniqueIdentifier>
    </Filter>
    <Filter Include="Source\Framework\JsonConverter\FPS">
      <UniqueIdentifier>{b5ff15bc-9b71-4df5-b2a4-da1b9492fd55}</UniqueIdentifier>
    </Filter>
    <Filter Include="Source\Framework\JsonConverter\Graphics">
      <UniqueIdentifier>{124db175-8f8c-435e-8b85-76f13d3f18c6}</UniqueIdentifier>
    </Filter>
    <Filter Include="Source\Framework\JsonConverter\Graphics\Resource">
      <UniqueIdentifier>{b98d408f-b3ed-40ca-9e0d-d0feea680b79}</UniqueIdentifier>
    </Filter>
    <Filter Include="Source\Framework\JsonConverter\Graphics\Resource\Descriptor">
      <UniqueIdentifier>{27820d5f-aa8a-441e-8ede-376b3c24c242}</UniqueIdentifier>
    </Filter>
    <Filter Include="Source\Framework\Graphics\Command\Allocator\Direct">
      <UniqueIdentifier>{2fd5b8da-d639-4caa-b23b-9044f2b532c5}</UniqueIdentifier>
    </Filter>
    <Filter Include="Source\Framework\Graphics\Command\List\Direct">
      <UniqueIdentifier>{8fa9fba0-657d-4027-a0d3-c61c3450aad6}</UniqueIdentifier>
    </Filter>
    <Filter Include="Source\Framework\Graphics\Command\Queue\Direct">
      <UniqueIdentifier>{cda90672-a140-4a9f-8ca4-a06aff273360}</UniqueIdentifier>
    </Filter>
    <Filter Include="Source\Framework\Graphics\Render">
      <UniqueIdentifier>{9d3c6232-a7f5-4e34-9717-81ebeb756338}</UniqueIdentifier>
    </Filter>
    <Filter Include="Source\Framework\Graphics\Render\Frame">
      <UniqueIdentifier>{0c843316-97f3-41d3-b199-a54cf302a244}</UniqueIdentifier>
    </Filter>
    <Filter Include="Source\Framework\JsonConverter\Graphics\Render">
      <UniqueIdentifier>{9c973f91-af91-46c3-99d2-a126ad9d47b0}</UniqueIdentifier>
    </Filter>
    <Filter Include="Source\Framework\Graphics\SwapChain">
      <UniqueIdentifier>{e7a026b9-dc9b-4469-988c-4245b4c898a1}</UniqueIdentifier>
    </Filter>
    <Filter Include="Source\Framework\Definition\Struct\Graphics">
      <UniqueIdentifier>{7bf9d74d-9249-4af5-a0ae-25e29aca929f}</UniqueIdentifier>
    </Filter>
    <Filter Include="Source\Framework\JsonConverter\Graphics\SwapChain">
      <UniqueIdentifier>{f9570971-5cb9-4069-9ec4-a945ce5b5198}</UniqueIdentifier>
    </Filter>
    <Filter Include="Source\Framework\Graphics\Command\Queue\Fence">
      <UniqueIdentifier>{651aa252-be63-42a7-82c9-b46eb308de9e}</UniqueIdentifier>
    </Filter>
    <Filter Include="Source\Framework\Graphics\Render\Rasterizer">
      <UniqueIdentifier>{e0130b04-f80b-4554-b77c-44fd227b34a0}</UniqueIdentifier>
    </Filter>
    <Filter Include="Source\Framework\Definition\Macros\Json">
      <UniqueIdentifier>{004a2f0e-b653-4435-96cf-2ba61c996f06}</UniqueIdentifier>
    </Filter>
    <Filter Include="Source\Framework\Graphics\Render\RootSignature">
      <UniqueIdentifier>{585ca044-1997-4df3-8237-39cb24aa67ce}</UniqueIdentifier>
    </Filter>
    <Filter Include="Source\Framework\JsonConverter\Graphics\Render\RootSignature">
      <UniqueIdentifier>{e201d83a-a2bc-477d-9809-6a35c9b0e8f6}</UniqueIdentifier>
    </Filter>
    <Filter Include="Source\Framework\Definition\Struct\Window">
      <UniqueIdentifier>{c539aed6-97ca-45f9-b038-4bf13d15e845}</UniqueIdentifier>
    </Filter>
    <Filter Include="Source\Framework\Definition\Struct\Graphics\SwapChain">
      <UniqueIdentifier>{c4a87250-4765-44f5-8c70-386a43fa6d72}</UniqueIdentifier>
    </Filter>
    <Filter Include="Source\Framework\Definition\Struct\Graphics\Render">
      <UniqueIdentifier>{11bf7876-24cf-4f0c-ac10-10d1aa779e45}</UniqueIdentifier>
    </Filter>
    <Filter Include="Source\Framework\Definition\Struct\Graphics\Render\RootSignature">
      <UniqueIdentifier>{8f5b9a1d-4b52-47bf-9783-b137f651bb93}</UniqueIdentifier>
    </Filter>
    <Filter Include="Source\Framework\Graphics\Shader">
      <UniqueIdentifier>{9cabef64-e3a3-4c4b-b3a0-25f747de6c25}</UniqueIdentifier>
    </Filter>
    <Filter Include="Source\Framework\JsonConverter\Graphics\Shader">
      <UniqueIdentifier>{53cd901a-9ab9-40f9-8d11-346c63f7aff6}</UniqueIdentifier>
    </Filter>
    <Filter Include="Source\Framework\Definition\Constant\FileExtnsion">
      <UniqueIdentifier>{72cd5aac-7305-4594-b450-5aaa3986bbe1}</UniqueIdentifier>
    </Filter>
    <Filter Include="Source\Framework\Graphics\Render\Pipeline">
      <UniqueIdentifier>{e0a0886d-177f-432c-9403-ff62ec98afb5}</UniqueIdentifier>
    </Filter>
    <Filter Include="Source\Framework\JsonConverter\Graphics\Render\Pipeline">
      <UniqueIdentifier>{77d18339-4865-44eb-96a8-13a87994e535}</UniqueIdentifier>
    </Filter>
    <Filter Include="Source\Framework\Tag\Graphics">
      <UniqueIdentifier>{ca2ec248-9d06-43fc-994a-a3e11cdbc485}</UniqueIdentifier>
    </Filter>
    <Filter Include="Source\Framework\Tag\Graphics\Render">
      <UniqueIdentifier>{6469d63a-9c8b-44ab-b091-d1a897f9750e}</UniqueIdentifier>
    </Filter>
    <Filter Include="Source\Framework\Tag\Graphics\Render\Pipeline">
      <UniqueIdentifier>{3106d411-aa5b-4fcd-a650-21dd00095fad}</UniqueIdentifier>
    </Filter>
    <Filter Include="Source\Framework\Tag\Graphics\Render\RootSignature">
      <UniqueIdentifier>{64a8cd29-dd3c-4039-b004-7f9bb1b57aa4}</UniqueIdentifier>
    </Filter>
    <Filter Include="Asset">
      <UniqueIdentifier>{e08abcb7-e72b-4188-9139-dbc91832c777}</UniqueIdentifier>
    </Filter>
    <Filter Include="Asset\Shader">
      <UniqueIdentifier>{57aa608e-3c0b-4b86-afaf-e21368d9132b}</UniqueIdentifier>
    </Filter>
    <Filter Include="Asset\Shader\Sprite">
      <UniqueIdentifier>{c15445d6-3239-4eef-bd29-1b689b452b9f}</UniqueIdentifier>
    </Filter>
    <Filter Include="Asset\Shader\Sprite\Standard">
      <UniqueIdentifier>{1e1b915c-eb7c-49d8-927e-97b99a50be5d}</UniqueIdentifier>
    </Filter>
    <Filter Include="Source\Framework\Graphics\Resource\Texture">
      <UniqueIdentifier>{bc7b0636-b1d9-4037-82fc-0452da688b74}</UniqueIdentifier>
    </Filter>
    <Filter Include="Source\Framework\Graphics\Resource\Texture\Loader">
      <UniqueIdentifier>{873cb714-304b-4878-b00c-7f10083bf24b}</UniqueIdentifier>
    </Filter>
    <Filter Include="Source\Framework\Graphics\Resource\Descriptor\Heap\SRV">
      <UniqueIdentifier>{a3d365cc-0c9c-47f4-b960-d7eb4800857a}</UniqueIdentifier>
    </Filter>
    <Filter Include="Source\Framework\Graphics\Command\Allocator\Copy">
      <UniqueIdentifier>{574b25d9-88c3-49ce-816e-be493ddb60ba}</UniqueIdentifier>
    </Filter>
    <Filter Include="Source\Framework\Graphics\Command\List\Copy">
      <UniqueIdentifier>{21ea2d9f-3847-42aa-8ff4-7b4eb5d114fa}</UniqueIdentifier>
    </Filter>
    <Filter Include="Source\Framework\Graphics\Command\Queue\Copy">
      <UniqueIdentifier>{38676bcd-1647-41f4-80d4-a59c242e0b92}</UniqueIdentifier>
    </Filter>
    <Filter Include="Source\Framework\Graphics\Resource\Upload">
      <UniqueIdentifier>{9432f8be-34ae-4990-80c8-68f6d5d02a27}</UniqueIdentifier>
    </Filter>
    <Filter Include="Source\Framework\Scene">
      <UniqueIdentifier>{767e70e3-364e-4ded-a107-ff366a522cac}</UniqueIdentifier>
    </Filter>
    <Filter Include="Source\Framework\Definition\Struct\Graphics\Resource">
      <UniqueIdentifier>{d3ee3af8-f0fa-4005-8296-62b788b2c19d}</UniqueIdentifier>
    </Filter>
    <Filter Include="Source\Framework\Definition\Struct\Graphics\Resource\Texture">
      <UniqueIdentifier>{08449e46-bd5c-4fdc-a0e7-a3cdac01a3da}</UniqueIdentifier>
    </Filter>
    <Filter Include="Source\Framework\Graphics\Resource\Texture\Uploader">
      <UniqueIdentifier>{009d8341-f392-4fa7-8a3e-8b3b3bbc9b11}</UniqueIdentifier>
    </Filter>
    <Filter Include="Source\Framework\Graphics\Resource\Buffer">
      <UniqueIdentifier>{469ef60a-b2d6-47f3-a8ec-feaf6267ecb7}</UniqueIdentifier>
    </Filter>
  </ItemGroup>
  <ItemGroup>
    <Text Include="Documents\CodingConventions.txt">
      <Filter>Documents</Filter>
    </Text>
  </ItemGroup>
  <ItemGroup>
    <ClInclude Include="Source\PCH.h">
      <Filter>Source</Filter>
    </ClInclude>
    <ClInclude Include="Source\Application\Application.h">
      <Filter>Source\Application</Filter>
    </ClInclude>
    <ClInclude Include="Source\Framework\Definition\Struct\TypeINFO\TypeINFOStruct.h">
      <Filter>Source\Framework\Definition\Struct\TypeINFO</Filter>
    </ClInclude>
    <ClInclude Include="Source\Framework\Framework.h">
      <Filter>Source\Framework</Filter>
    </ClInclude>
    <ClInclude Include="Source\Framework\Definition\Type\Alias\TypeAlias.h">
      <Filter>Source\Framework\Definition\Type\Alias</Filter>
    </ClInclude>
    <ClInclude Include="Source\Framework\TypeINFO\StaticTypeID\StaticTypeIDGenerator.h">
      <Filter>Source\Framework\TypeINFO\StaticTypeID</Filter>
    </ClInclude>
    <ClInclude Include="Source\Framework\Utility\TypeINFO\TypeINFOUtility.h">
      <Filter>Source\Framework\Utility\TypeINFO</Filter>
    </ClInclude>
    <ClInclude Include="Source\Framework\TypeINFO\Registry\TypeINFORegistry.h">
      <Filter>Source\Framework\TypeINFO\Registry</Filter>
    </ClInclude>
    <ClInclude Include="Source\Framework\Singleton\SingletonBase.h">
      <Filter>Source\Framework\Singleton</Filter>
    </ClInclude>
    <ClInclude Include="Source\Framework\Definition\Struct\StringHash\StringHashStruct.h">
      <Filter>Source\Framework\Definition\Struct\StringHash</Filter>
    </ClInclude>
    <ClInclude Include="Source\Framework\Definition\Constant\StaticTypeID\StaticTypeIDConstant.h">
      <Filter>Source\Framework\Definition\Constant\StaticTypeID</Filter>
    </ClInclude>
    <ClInclude Include="Source\Framework\Definition\Macros\TypeINFO\TypeINFOMacros.h">
      <Filter>Source\Framework\Definition\Macros\TypeINFO</Filter>
    </ClInclude>
    <ClInclude Include="Source\Framework\Definition\Macros\TypeINFO\Tag\TagTypeINFOMacros.h">
      <Filter>Source\Framework\Definition\Macros\TypeINFO\Tag</Filter>
    </ClInclude>
    <ClInclude Include="Source\Framework\Tag\TagBase.h">
      <Filter>Source\Framework\Tag</Filter>
    </ClInclude>
    <ClInclude Include="Source\Framework\Tag\Window\WindowStyleTag.h">
      <Filter>Source\Framework\Tag\WindowStyle</Filter>
    </ClInclude>
    <ClInclude Include="Source\Framework\Definition\Concept\IsDerivedBase\IsDerivedBaseConcept.h">
      <Filter>Source\Framework\Definition\Concept\IsDerivedBase</Filter>
    </ClInclude>
    <ClInclude Include="Source\Framework\Definition\Concept\IsDerivedBase\Tag\IsDerivedTagBaseConcept.h">
      <Filter>Source\Framework\Definition\Concept\IsDerivedBase\Tag</Filter>
    </ClInclude>
    <ClInclude Include="Source\Framework\Utility\Tag\TagUtility.h">
      <Filter>Source\Framework\Utility\Tag</Filter>
    </ClInclude>
    <ClInclude Include="Source\Framework\Utility\Json\JsonUtility.h">
      <Filter>Source\Framework\Utility\Json</Filter>
    </ClInclude>
    <ClInclude Include="Source\Framework\Definition\Constant\TypeTag\TypeTagConstant.h">
      <Filter>Source\Framework\Definition\Constant\TypeTag</Filter>
    </ClInclude>
    <ClInclude Include="Source\Framework\Window\Window.h">
      <Filter>Source\Framework\Window</Filter>
    </ClInclude>
    <ClInclude Include="Source\Framework\Definition\Constant\WindowSize\WindowSizeConstant.h">
      <Filter>Source\Framework\Definition\Constant\WindowSize</Filter>
    </ClInclude>
    <ClInclude Include="Source\Framework\Utility\File\FileUtility.h">
      <Filter>Source\Framework\Utility\File</Filter>
    </ClInclude>
    <ClInclude Include="Source\Framework\Utility\String\StringUtility.h">
      <Filter>Source\Framework\Utility\String</Filter>
    </ClInclude>
    <ClInclude Include="Source\Framework\FPS\FPSController.h">
      <Filter>Source\Framework\FPS</Filter>
    </ClInclude>
    <ClInclude Include="Source\Framework\Definition\Constant\FPS\FPSConstant.h">
      <Filter>Source\Framework\Definition\Constant\FPS</Filter>
    </ClInclude>
    <ClInclude Include="Source\Framework\Graphics\GraphicsManager.h">
      <Filter>Source\Framework\Graphics</Filter>
    </ClInclude>
    <ClInclude Include="Source\Framework\Graphics\Hardware\Factory.h">
      <Filter>Source\Framework\Graphics\Hardware</Filter>
    </ClInclude>
    <ClInclude Include="Source\Framework\Graphics\Hardware\Device.h">
      <Filter>Source\Framework\Graphics\Hardware</Filter>
    </ClInclude>
    <ClInclude Include="Source\Framework\Graphics\Command\List\CommandListBase.h">
      <Filter>Source\Framework\Graphics\Command\List</Filter>
    </ClInclude>
    <ClInclude Include="Source\Framework\Graphics\Command\Allocator\CommandAllocatorBase.h">
      <Filter>Source\Framework\Graphics\Command\Allocator</Filter>
    </ClInclude>
    <ClInclude Include="Source\Framework\Definition\Constant\Graphics\GraphicsConstant.h">
      <Filter>Source\Framework\Definition\Constant\Graphics</Filter>
    </ClInclude>
    <ClInclude Include="Source\Framework\Graphics\Command\Queue\CommandQueueBase.h">
      <Filter>Source\Framework\Graphics\Command\Queue</Filter>
    </ClInclude>
    <ClInclude Include="Source\Framework\Graphics\Resource\Descriptor\Heap\RTV\RTVDescriptorHeap.h">
      <Filter>Source\Framework\Graphics\Resource\Descriptor\Heap\RTV</Filter>
    </ClInclude>
    <ClInclude Include="Source\Framework\Graphics\Resource\Descriptor\Heap\DescriptorHeapBase.h">
      <Filter>Source\Framework\Graphics\Resource\Descriptor\Heap</Filter>
    </ClInclude>
    <ClInclude Include="Source\Framework\Graphics\Resource\Descriptor\Allocator\DescriptorHeapIndexAllocator.h">
      <Filter>Source\Framework\Graphics\Resource\Descriptor\Allocator</Filter>
    </ClInclude>
    <ClInclude Include="Source\Framework\Definition\Concept\IsDerivedBase\Descriptor\IsDerivedDescriptorBaseConcept.h">
      <Filter>Source\Framework\Definition\Concept\IsDerivedBase\Descriptor</Filter>
    </ClInclude>
    <ClInclude Include="Source\Framework\Graphics\Resource\Descriptor\DescriptorPool.h">
      <Filter>Source\Framework\Graphics\Resource\Descriptor</Filter>
    </ClInclude>
    <ClInclude Include="Source\Framework\JsonConverter\FPS\FPSControllerJsonConverter.h">
      <Filter>Source\Framework\JsonConverter\FPS</Filter>
    </ClInclude>
    <ClInclude Include="Source\Framework\JsonConverter\Window\WindowJsonConverter.h">
      <Filter>Source\Framework\JsonConverter\Window</Filter>
    </ClInclude>
    <ClInclude Include="Source\Framework\Graphics\Resource\ResourceContext.h">
      <Filter>Source\Framework\Graphics\Resource</Filter>
    </ClInclude>
    <ClInclude Include="Source\Framework\JsonConverter\Graphics\GraphicsManagerJsonConverter.h">
      <Filter>Source\Framework\JsonConverter\Graphics</Filter>
    </ClInclude>
    <ClInclude Include="Source\Framework\JsonConverter\Graphics\Resource\ResourceContextJsonConverter.h">
      <Filter>Source\Framework\JsonConverter\Graphics\Resource</Filter>
    </ClInclude>
    <ClInclude Include="Source\Framework\JsonConverter\Graphics\Resource\Descriptor\DescriptorPoolJsonConverter.h">
      <Filter>Source\Framework\JsonConverter\Graphics\Resource\Descriptor</Filter>
    </ClInclude>
    <ClInclude Include="Source\Framework\Graphics\Command\Allocator\Direct\DirectCommandAllocator.h">
      <Filter>Source\Framework\Graphics\Command\Allocator\Direct</Filter>
    </ClInclude>
    <ClInclude Include="Source\Framework\Graphics\Command\List\Direct\DirectCommandList.h">
      <Filter>Source\Framework\Graphics\Command\List\Direct</Filter>
    </ClInclude>
    <ClInclude Include="Source\Framework\Graphics\Command\Queue\Direct\DirectCommandQueue.h">
      <Filter>Source\Framework\Graphics\Command\Queue\Direct</Filter>
    </ClInclude>
    <ClInclude Include="Source\Framework\Graphics\Render\Renderer.h">
      <Filter>Source\Framework\Graphics\Render</Filter>
    </ClInclude>
    <ClInclude Include="Source\Framework\Graphics\Render\Frame\FrameResource.h">
      <Filter>Source\Framework\Graphics\Render\Frame</Filter>
    </ClInclude>
    <ClInclude Include="Source\Framework\JsonConverter\Graphics\Render\RendererJsonConverter.h">
      <Filter>Source\Framework\JsonConverter\Graphics\Render</Filter>
    </ClInclude>
    <ClInclude Include="Source\Framework\Graphics\SwapChain\SwapChain.h">
      <Filter>Source\Framework\Graphics\SwapChain</Filter>
    </ClInclude>
    <ClInclude Include="Source\Framework\JsonConverter\Graphics\SwapChain\SwapChainJsonConverter.h">
      <Filter>Source\Framework\JsonConverter\Graphics\SwapChain</Filter>
    </ClInclude>
    <ClInclude Include="Source\Framework\Graphics\Command\Queue\Fence\Fence.h">
      <Filter>Source\Framework\Graphics\Command\Queue\Fence</Filter>
    </ClInclude>
    <ClInclude Include="Source\Framework\Graphics\Render\Rasterizer\RenderArea.h">
      <Filter>Source\Framework\Graphics\Render\Rasterizer</Filter>
    </ClInclude>
    <ClInclude Include="Source\Framework\Definition\Macros\Json\JsonSerializeEnumMacros.h">
      <Filter>Source\Framework\Definition\Macros\Json</Filter>
    </ClInclude>
    <ClInclude Include="Source\Framework\Graphics\Render\RootSignature\RootSignature.h">
      <Filter>Source\Framework\Graphics\Render\RootSignature</Filter>
    </ClInclude>
    <ClInclude Include="Source\Framework\JsonConverter\Graphics\Render\RootSignature\RootSignatureJsonConverter.h">
      <Filter>Source\Framework\JsonConverter\Graphics\Render\RootSignature</Filter>
    </ClInclude>
    <ClInclude Include="Source\Framework\Definition\Struct\Window\WindowStruct.h">
      <Filter>Source\Framework\Definition\Struct\Window</Filter>
    </ClInclude>
    <ClInclude Include="Source\Framework\Definition\Struct\Graphics\SwapChain\SwapChainStruct.h">
      <Filter>Source\Framework\Definition\Struct\Graphics\SwapChain</Filter>
    </ClInclude>
    <ClInclude Include="Source\Framework\Definition\Struct\Graphics\Render\RootSignature\RootSignatureStruct.h">
      <Filter>Source\Framework\Definition\Struct\Graphics\Render\RootSignature</Filter>
    </ClInclude>
    <ClInclude Include="Source\Framework\Graphics\Shader\ShaderCompiler.h">
      <Filter>Source\Framework\Graphics\Shader</Filter>
    </ClInclude>
    <ClInclude Include="Source\Framework\Graphics\Shader\Shader.h">
      <Filter>Source\Framework\Graphics\Shader</Filter>
    </ClInclude>
    <ClInclude Include="Source\Framework\JsonConverter\Graphics\Shader\ShaderJsonConverter.h">
      <Filter>Source\Framework\JsonConverter\Graphics\Shader</Filter>
    </ClInclude>
    <ClInclude Include="Source\Framework\Definition\Constant\FileExtension\FileExtensionConstant.h">
      <Filter>Source\Framework\Definition\Constant\FileExtnsion</Filter>
    </ClInclude>
    <ClInclude Include="Source\Framework\Graphics\Render\Pipeline\PipelineState.h">
      <Filter>Source\Framework\Graphics\Render\Pipeline</Filter>
    </ClInclude>
    <ClInclude Include="Source\Framework\JsonConverter\Graphics\Render\Pipeline\PipelineStateJsonConverter.h">
      <Filter>Source\Framework\JsonConverter\Graphics\Render\Pipeline</Filter>
    </ClInclude>
    <ClInclude Include="Source\Framework\Tag\Graphics\Render\RootSignature\RootSignatureTag.h">
      <Filter>Source\Framework\Tag\Graphics\Render\RootSignature</Filter>
    </ClInclude>
    <ClInclude Include="Source\Framework\Tag\Graphics\Render\PipelineState\PipelineStateTag.h">
      <Filter>Source\Framework\Tag\Graphics\Render\Pipeline</Filter>
    </ClInclude>
    <ClInclude Include="Source\Framework\Graphics\Resource\Texture\TextureSystem.h">
      <Filter>Source\Framework\Graphics\Resource\Texture</Filter>
    </ClInclude>
    <ClInclude Include="Source\Framework\Graphics\Resource\Texture\Loader\TextureLoader.h">
      <Filter>Source\Framework\Graphics\Resource\Texture\Loader</Filter>
    </ClInclude>
    <ClInclude Include="Source\Framework\Graphics\Resource\Descriptor\Heap\SRV\SRVDescriptorHeap.h">
      <Filter>Source\Framework\Graphics\Resource\Descriptor\Heap\SRV</Filter>
    </ClInclude>
    <ClInclude Include="Source\Framework\Graphics\Command\Queue\Copy\CopyCommandQueue.h">
      <Filter>Source\Framework\Graphics\Command\Queue\Copy</Filter>
    </ClInclude>
    <ClInclude Include="Source\Framework\Graphics\Command\List\Copy\CopyCommandList.h">
      <Filter>Source\Framework\Graphics\Command\List\Copy</Filter>
    </ClInclude>
    <ClInclude Include="Source\Framework\Graphics\Command\Allocator\Copy\CopyCommandAllocator.h">
      <Filter>Source\Framework\Graphics\Command\Allocator\Copy</Filter>
    </ClInclude>
    <ClInclude Include="Source\Framework\Graphics\Resource\Upload\UploadSystem.h">
      <Filter>Source\Framework\Graphics\Resource\Upload</Filter>
    </ClInclude>
    <ClInclude Include="Source\Framework\Scene\SceneManager.h">
      <Filter>Source\Framework\Scene</Filter>
    </ClInclude>
    <ClInclude Include="Source\Framework\Scene\Scene.h">
      <Filter>Source\Framework\Scene</Filter>
    </ClInclude>
    <ClInclude Include="Source\Framework\Definition\Struct\Graphics\Resource\Texture\TextureStruct.h">
      <Filter>Source\Framework\Definition\Struct\Graphics\Resource\Texture</Filter>
    </ClInclude>
    <ClInclude Include="Source\Framework\Graphics\Resource\Texture\Uploader\TextureUploader.h">
      <Filter>Source\Framework\Graphics\Resource\Texture\Uploader</Filter>
    </ClInclude>
    <ClInclude Include="Source\Framework\Graphics\Resource\Buffer\UploadBuffer.h">
      <Filter>Source\Framework\Graphics\Resource\Buffer</Filter>
    </ClInclude>
  </ItemGroup>
  <ItemGroup>
    <ClCompile Include="Source\PCH.cpp">
      <Filter>Source</Filter>
    </ClCompile>
    <ClCompile Include="Source\Application\Application.cpp">
      <Filter>Source\Application</Filter>
    </ClCompile>
    <ClCompile Include="Source\Framework\TypeINFO\Registry\TypeINFORegistry.cpp">
      <Filter>Source\Framework\TypeINFO\Registry</Filter>
    </ClCompile>
    <ClCompile Include="Source\Framework\Window\Window.cpp">
      <Filter>Source\Framework\Window</Filter>
    </ClCompile>
    <ClCompile Include="Source\Framework\FPS\FPSController.cpp">
      <Filter>Source\Framework\FPS</Filter>
    </ClCompile>
    <ClCompile Include="Source\Framework\Graphics\GraphicsManager.cpp">
      <Filter>Source\Framework\Graphics</Filter>
    </ClCompile>
    <ClCompile Include="Source\Framework\Graphics\Hardware\Factory.cpp">
      <Filter>Source\Framework\Graphics\Hardware</Filter>
    </ClCompile>
    <ClCompile Include="Source\Framework\Graphics\Hardware\Device.cpp">
      <Filter>Source\Framework\Graphics\Hardware</Filter>
    </ClCompile>
    <ClCompile Include="Source\Framework\Graphics\Command\List\CommandListBase.cpp">
      <Filter>Source\Framework\Graphics\Command\List</Filter>
    </ClCompile>
    <ClCompile Include="Source\Framework\Graphics\Command\Allocator\CommandAllocatorBase.cpp">
      <Filter>Source\Framework\Graphics\Command\Allocator</Filter>
    </ClCompile>
    <ClCompile Include="Source\Framework\Graphics\Command\Queue\CommandQueueBase.cpp">
      <Filter>Source\Framework\Graphics\Command\Queue</Filter>
    </ClCompile>
    <ClCompile Include="Source\Framework\Graphics\Resource\Descriptor\Heap\DescriptorHeapBase.cpp">
      <Filter>Source\Framework\Graphics\Resource\Descriptor\Heap</Filter>
    </ClCompile>
    <ClCompile Include="Source\Framework\Graphics\Resource\Descriptor\Heap\RTV\RTVDescriptorHeap.cpp">
      <Filter>Source\Framework\Graphics\Resource\Descriptor\Heap\RTV</Filter>
    </ClCompile>
    <ClCompile Include="Source\Framework\Graphics\Resource\Descriptor\Allocator\DescriptorHeapIndexAllocator.cpp">
      <Filter>Source\Framework\Graphics\Resource\Descriptor\Allocator</Filter>
    </ClCompile>
    <ClCompile Include="Source\Framework\JsonConverter\FPS\FPSControllerJsonConverter.cpp">
      <Filter>Source\Framework\JsonConverter\FPS</Filter>
    </ClCompile>
    <ClCompile Include="Source\Framework\JsonConverter\Window\WindowJsonConverter.cpp">
      <Filter>Source\Framework\JsonConverter\Window</Filter>
    </ClCompile>
    <ClCompile Include="Source\Framework\Graphics\Resource\ResourceContext.cpp">
      <Filter>Source\Framework\Graphics\Resource</Filter>
    </ClCompile>
    <ClCompile Include="Source\Framework\JsonConverter\Graphics\GraphicsManagerJsonConverter.cpp">
      <Filter>Source\Framework\JsonConverter\Graphics</Filter>
    </ClCompile>
    <ClCompile Include="Source\Framework\JsonConverter\Graphics\Resource\ResourceContextJsonConverter.cpp">
      <Filter>Source\Framework\JsonConverter\Graphics\Resource</Filter>
    </ClCompile>
    <ClCompile Include="Source\Framework\Graphics\Command\Allocator\Direct\DirectCommandAllocator.cpp">
      <Filter>Source\Framework\Graphics\Command\Allocator\Direct</Filter>
    </ClCompile>
    <ClCompile Include="Source\Framework\Graphics\Command\List\Direct\DirectCommandList.cpp">
      <Filter>Source\Framework\Graphics\Command\List\Direct</Filter>
    </ClCompile>
    <ClCompile Include="Source\Framework\Graphics\Command\Queue\Direct\DirectCommandQueue.cpp">
      <Filter>Source\Framework\Graphics\Command\Queue\Direct</Filter>
    </ClCompile>
    <ClCompile Include="Source\Framework\Graphics\Render\Renderer.cpp">
      <Filter>Source\Framework\Graphics\Render</Filter>
    </ClCompile>
    <ClCompile Include="Source\Framework\Graphics\Render\Frame\FrameResource.cpp">
      <Filter>Source\Framework\Graphics\Render\Frame</Filter>
    </ClCompile>
    <ClCompile Include="Source\Framework\JsonConverter\Graphics\Render\RendererJsonConverter.cpp">
      <Filter>Source\Framework\JsonConverter\Graphics\Render</Filter>
    </ClCompile>
    <ClCompile Include="Source\Framework\Graphics\SwapChain\SwapChain.cpp">
      <Filter>Source\Framework\Graphics\SwapChain</Filter>
    </ClCompile>
    <ClCompile Include="Source\Framework\JsonConverter\Graphics\SwapChain\SwapChainJsonConverter.cpp">
      <Filter>Source\Framework\JsonConverter\Graphics\SwapChain</Filter>
    </ClCompile>
    <ClCompile Include="Source\Framework\Graphics\Command\Queue\Fence\Fence.cpp">
      <Filter>Source\Framework\Graphics\Command\Queue\Fence</Filter>
    </ClCompile>
    <ClCompile Include="Source\Framework\Graphics\Render\Rasterizer\RenderArea.cpp">
      <Filter>Source\Framework\Graphics\Render\Rasterizer</Filter>
    </ClCompile>
    <ClCompile Include="Source\Framework\Graphics\Render\RootSignature\RootSignature.cpp">
      <Filter>Source\Framework\Graphics\Render\RootSignature</Filter>
    </ClCompile>
    <ClCompile Include="Source\Framework\JsonConverter\Graphics\Render\RootSignature\RootSignatureJsonConverter.cpp">
      <Filter>Source\Framework\JsonConverter\Graphics\Render\RootSignature</Filter>
    </ClCompile>
    <ClCompile Include="Source\Framework\Graphics\Shader\ShaderCompiler.cpp">
      <Filter>Source\Framework\Graphics\Shader</Filter>
    </ClCompile>
    <ClCompile Include="Source\Framework\Graphics\Shader\Shader.cpp">
      <Filter>Source\Framework\Graphics\Shader</Filter>
    </ClCompile>
    <ClCompile Include="Source\Framework\JsonConverter\Graphics\Shader\ShaderJsonConverter.cpp">
      <Filter>Source\Framework\JsonConverter\Graphics\Shader</Filter>
    </ClCompile>
    <ClCompile Include="Source\Framework\Graphics\Render\Pipeline\PipelineState.cpp">
      <Filter>Source\Framework\Graphics\Render\Pipeline</Filter>
    </ClCompile>
    <ClCompile Include="Source\Framework\JsonConverter\Graphics\Render\Pipeline\PipelineStateJsonConverter.cpp">
      <Filter>Source\Framework\JsonConverter\Graphics\Render\Pipeline</Filter>
    </ClCompile>
    <ClCompile Include="Source\Framework\Graphics\Resource\Texture\TextureSystem.cpp">
      <Filter>Source\Framework\Graphics\Resource\Texture</Filter>
    </ClCompile>
    <ClCompile Include="Source\Framework\Graphics\Resource\Texture\Loader\TextureLoader.cpp">
      <Filter>Source\Framework\Graphics\Resource\Texture\Loader</Filter>
    </ClCompile>
    <ClCompile Include="Source\Framework\Graphics\Resource\Descriptor\Heap\SRV\SRVDescriptorHeap.cpp">
      <Filter>Source\Framework\Graphics\Resource\Descriptor\Heap\SRV</Filter>
    </ClCompile>
    <ClCompile Include="Source\Framework\Graphics\Command\Queue\Copy\CopyCommandQueue.cpp">
      <Filter>Source\Framework\Graphics\Command\Queue\Copy</Filter>
    </ClCompile>
    <ClCompile Include="Source\Framework\Graphics\Command\List\Copy\CopyCommandList.cpp">
      <Filter>Source\Framework\Graphics\Command\List\Copy</Filter>
    </ClCompile>
    <ClCompile Include="Source\Framework\Graphics\Command\Allocator\Copy\CopyCommandAllocator.cpp">
      <Filter>Source\Framework\Graphics\Command\Allocator\Copy</Filter>
    </ClCompile>
    <ClCompile Include="Source\Framework\Graphics\Resource\Upload\UploadSystem.cpp">
      <Filter>Source\Framework\Graphics\Resource\Upload</Filter>
    </ClCompile>
    <ClCompile Include="Source\Framework\Scene\SceneManager.cpp">
      <Filter>Source\Framework\Scene</Filter>
    </ClCompile>
    <ClCompile Include="Source\Framework\Scene\Scene.cpp">
      <Filter>Source\Framework\Scene</Filter>
    </ClCompile>
    <ClCompile Include="Source\Framework\Graphics\Resource\Texture\Uploader\TextureUploader.cpp">
      <Filter>Source\Framework\Graphics\Resource\Texture\Uploader</Filter>
    </ClCompile>
    <ClCompile Include="Source\Framework\Graphics\Resource\Buffer\UploadBuffer.cpp">
      <Filter>Source\Framework\Graphics\Resource\Buffer</Filter>
    </ClCompile>
  </ItemGroup>
  <ItemGroup>
    <FxCompile Include="Asset\Shader\Sprite\Standard\SpriteStandard_MS.hlsl">
      <Filter>Asset\Shader\Sprite\Standard</Filter>
    </FxCompile>
    <FxCompile Include="Asset\Shader\Sprite\Standard\SpriteStandard_PS.hlsl">
      <Filter>Asset\Shader\Sprite\Standard</Filter>
    </FxCompile>
  </ItemGroup>
</Project>